
Microsoft Visual Studio Solution File, Format Version 12.00
# Visual Studio Version 17
VisualStudioVersion = 17.7.34024.191
MinimumVisualStudioVersion = 10.0.40219.1
Project("{FAE04EC0-301F-11D3-BF4B-00C04F79EFBC}") = "Quiet Attic Films", "Quiet Attic Films.csproj", "{231C77D4-0EF1-4154-A484-0ABF85E9C6E7}"
EndProject
Global
	GlobalSection(SolutionConfigurationPlatforms) = preSolution
		Debug|Any CPU = Debug|Any CPU
		Release|Any CPU = Release|Any CPU
	EndGlobalSection
	GlobalSection(ProjectConfigurationPlatforms) = postSolution
		{231C77D4-0EF1-4154-A484-0ABF85E9C6E7}.Debug|Any CPU.ActiveCfg = Debug|Any CPU
		{231C77D4-0EF1-4154-A484-0ABF85E9C6E7}.Debug|Any CPU.Build.0 = Debug|Any CPU
		{231C77D4-0EF1-4154-A484-0ABF85E9C6E7}.Release|Any CPU.ActiveCfg = Release|Any CPU
		{231C77D4-0EF1-4154-A484-0ABF85E9C6E7}.Release|Any CPU.Build.0 = Release|Any CPU
	EndGlobalSection
	GlobalSection(SolutionProperties) = preSolution
		HideSolutionNode = FALSE
	EndGlobalSection
	GlobalSection(ExtensibilityGlobals) = postSolution
		SolutionGuid = {97A8FCF5-958B-4D26-ACF0-3880AB839F18}
	EndGlobalSection
EndGlobal
